// !$*UTF8*$!
{
	archiveVersion = 1;
	classes = {
	};
	objectVersion = 56;
	objects = {

/* Begin PBXBuildFile section */
		2A291D282C99BF4500685825 /* LyricEndpoint.swift in Sources */ = {isa = PBXBuildFile; fileRef = 2A291D272C99BF4500685825 /* LyricEndpoint.swift */; };
		2A291D2A2C99BF7500685825 /* ApiEndpoint.swift in Sources */ = {isa = PBXBuildFile; fileRef = 2A291D292C99BF7500685825 /* ApiEndpoint.swift */; };
		2A291D2D2C99C0D600685825 /* SwiftSoup in Frameworks */ = {isa = PBXBuildFile; productRef = 2A291D2C2C99C0D600685825 /* SwiftSoup */; };
		2A291D2F2C9AC1B200685825 /* SongLyricsView.swift in Sources */ = {isa = PBXBuildFile; fileRef = 2A291D2E2C9AC1B200685825 /* SongLyricsView.swift */; };
		2A291D312C9ACE8000685825 /* PersonInformationView.swift in Sources */ = {isa = PBXBuildFile; fileRef = 2A291D302C9ACE8000685825 /* PersonInformationView.swift */; };
		2A291D352C9DA47300685825 /* ProducerAndWriterView.swift in Sources */ = {isa = PBXBuildFile; fileRef = 2A291D342C9DA47300685825 /* ProducerAndWriterView.swift */; };
		2A291D372C9DA86300685825 /* MacroSongDetail.swift in Sources */ = {isa = PBXBuildFile; fileRef = 2A291D362C9DA86300685825 /* MacroSongDetail.swift */; };
		2A291D392C9DADF400685825 /* TopSongsHomeView.swift in Sources */ = {isa = PBXBuildFile; fileRef = 2A291D382C9DADF400685825 /* TopSongsHomeView.swift */; };
		2A3309832C5CBA5D00CEED33 /* TracktifyApp.swift in Sources */ = {isa = PBXBuildFile; fileRef = 2A3309822C5CBA5D00CEED33 /* TracktifyApp.swift */; };
		2A3309852C5CBA5D00CEED33 /* ContentView.swift in Sources */ = {isa = PBXBuildFile; fileRef = 2A3309842C5CBA5D00CEED33 /* ContentView.swift */; };
		2A3309872C5CBA5E00CEED33 /* Assets.xcassets in Resources */ = {isa = PBXBuildFile; fileRef = 2A3309862C5CBA5E00CEED33 /* Assets.xcassets */; };
		2A33098A2C5CBA5E00CEED33 /* Preview Assets.xcassets in Resources */ = {isa = PBXBuildFile; fileRef = 2A3309892C5CBA5E00CEED33 /* Preview Assets.xcassets */; };
		2A3309A02C5E0F3100CEED33 /* SpotifyLogin.xcframework in Frameworks */ = {isa = PBXBuildFile; fileRef = 2A33099D2C5E0C9300CEED33 /* SpotifyLogin.xcframework */; };
		2A3309A12C5E0F3100CEED33 /* SpotifyLogin.xcframework in Embed Frameworks */ = {isa = PBXBuildFile; fileRef = 2A33099D2C5E0C9300CEED33 /* SpotifyLogin.xcframework */; settings = {ATTRIBUTES = (CodeSignOnCopy, RemoveHeadersOnCopy, ); }; };
		2A4A15322C64AA0A00984B84 /* ViewModifiers.swift in Sources */ = {isa = PBXBuildFile; fileRef = 2A4A15312C64AA0A00984B84 /* ViewModifiers.swift */; };
		2A4A153C2C64AC6100984B84 /* LeagueSpartan-Black.ttf in Resources */ = {isa = PBXBuildFile; fileRef = 2A4A15342C64AC6100984B84 /* LeagueSpartan-Black.ttf */; };
		2A4A153D2C64AC6100984B84 /* LeagueSpartan-Medium.ttf in Resources */ = {isa = PBXBuildFile; fileRef = 2A4A15352C64AC6100984B84 /* LeagueSpartan-Medium.ttf */; };
		2A4A153E2C64AC6100984B84 /* LeagueSpartan-ExtraLight.ttf in Resources */ = {isa = PBXBuildFile; fileRef = 2A4A15362C64AC6100984B84 /* LeagueSpartan-ExtraLight.ttf */; };
		2A4A153F2C64AC6100984B84 /* LeagueSpartan-Light.ttf in Resources */ = {isa = PBXBuildFile; fileRef = 2A4A15372C64AC6100984B84 /* LeagueSpartan-Light.ttf */; };
		2A4A15402C64AC6100984B84 /* LeagueSpartan-Bold.ttf in Resources */ = {isa = PBXBuildFile; fileRef = 2A4A15382C64AC6100984B84 /* LeagueSpartan-Bold.ttf */; };
		2A4A15412C64AC6100984B84 /* LeagueSpartan-SemiBold.ttf in Resources */ = {isa = PBXBuildFile; fileRef = 2A4A15392C64AC6100984B84 /* LeagueSpartan-SemiBold.ttf */; };
		2A4A15422C64AC6100984B84 /* LeagueSpartan-ExtraBold.ttf in Resources */ = {isa = PBXBuildFile; fileRef = 2A4A153A2C64AC6100984B84 /* LeagueSpartan-ExtraBold.ttf */; };
		2A4A15432C64AC6100984B84 /* LeagueSpartan-Regular.ttf in Resources */ = {isa = PBXBuildFile; fileRef = 2A4A153B2C64AC6100984B84 /* LeagueSpartan-Regular.ttf */; };
		2A4A15452C64B33000984B84 /* HomeView.swift in Sources */ = {isa = PBXBuildFile; fileRef = 2A4A15442C64B33000984B84 /* HomeView.swift */; };
		2A4A15472C64B36100984B84 /* TopView.swift in Sources */ = {isa = PBXBuildFile; fileRef = 2A4A15462C64B36100984B84 /* TopView.swift */; };
		2A4A15492C64B37300984B84 /* SuggestView.swift in Sources */ = {isa = PBXBuildFile; fileRef = 2A4A15482C64B37300984B84 /* SuggestView.swift */; };
		2A4A154D2C64B3AD00984B84 /* OtherView.swift in Sources */ = {isa = PBXBuildFile; fileRef = 2A4A154C2C64B3AD00984B84 /* OtherView.swift */; };
		2A6F1EF22C731D050001F4F0 /* HomeHeader.swift in Sources */ = {isa = PBXBuildFile; fileRef = 2A6F1EF12C731D050001F4F0 /* HomeHeader.swift */; };
		2A6F1EF42C731D9B0001F4F0 /* NewReleases.swift in Sources */ = {isa = PBXBuildFile; fileRef = 2A6F1EF32C731D9B0001F4F0 /* NewReleases.swift */; };
		2A6F1EF82C7321730001F4F0 /* RecentlyPlayedView.swift in Sources */ = {isa = PBXBuildFile; fileRef = 2A6F1EF72C7321730001F4F0 /* RecentlyPlayedView.swift */; };
		2A6F1EFB2C7323200001F4F0 /* Title.swift in Sources */ = {isa = PBXBuildFile; fileRef = 2A6F1EFA2C7323200001F4F0 /* Title.swift */; };
		2A86DB942C60B26000B572F8 /* Alamofire in Frameworks */ = {isa = PBXBuildFile; productRef = 2A86DB932C60B26000B572F8 /* Alamofire */; };
		2A86DB982C60F29900B572F8 /* APIConstants.swift in Sources */ = {isa = PBXBuildFile; fileRef = 2A86DB972C60F29900B572F8 /* APIConstants.swift */; };
		2A86DB9A2C60F43200B572F8 /* NetworkError.swift in Sources */ = {isa = PBXBuildFile; fileRef = 2A86DB992C60F43200B572F8 /* NetworkError.swift */; };
		2A86DB9C2C60F47100B572F8 /* APIService.swift in Sources */ = {isa = PBXBuildFile; fileRef = 2A86DB9B2C60F47100B572F8 /* APIService.swift */; };
		2A86DB9E2C60F6A300B572F8 /* Web.swift in Sources */ = {isa = PBXBuildFile; fileRef = 2A86DB9D2C60F6A300B572F8 /* Web.swift */; };
		2A86DBA42C624F3E00B572F8 /* SpotifyDataManager.swift in Sources */ = {isa = PBXBuildFile; fileRef = 2A86DBA32C624F3E00B572F8 /* SpotifyDataManager.swift */; };
		2A86DBAC2C62576800B572F8 /* SongInTop.swift in Sources */ = {isa = PBXBuildFile; fileRef = 2A86DBAB2C62576800B572F8 /* SongInTop.swift */; };
		2A86DBAF2C62595A00B572F8 /* SDWebImageSwiftUI in Frameworks */ = {isa = PBXBuildFile; productRef = 2A86DBAE2C62595A00B572F8 /* SDWebImageSwiftUI */; };
		2A86DBB12C639D4900B572F8 /* AudioPlayer.swift in Sources */ = {isa = PBXBuildFile; fileRef = 2A86DBB02C639D4900B572F8 /* AudioPlayer.swift */; };
		2A8F30EE2C7CB2D900C01D79 /* SheetCompletePlaylist.swift in Sources */ = {isa = PBXBuildFile; fileRef = 2A8F30ED2C7CB2D900C01D79 /* SheetCompletePlaylist.swift */; };
		2A97D7CA2C733D7100E33602 /* ListRecentView.swift in Sources */ = {isa = PBXBuildFile; fileRef = 2A97D7C92C733D7100E33602 /* ListRecentView.swift */; };
		2A97D7CC2C74774F00E33602 /* GenresView.swift in Sources */ = {isa = PBXBuildFile; fileRef = 2A97D7CB2C74774F00E33602 /* GenresView.swift */; };
		2A97D7D02C76265200E33602 /* SuggestionView.swift in Sources */ = {isa = PBXBuildFile; fileRef = 2A97D7CF2C76265100E33602 /* SuggestionView.swift */; };
		2A97D7D52C7761F200E33602 /* AddFiltersView.swift in Sources */ = {isa = PBXBuildFile; fileRef = 2A97D7D42C7761F200E33602 /* AddFiltersView.swift */; };
		2AA712672C80BB130080837F /* SongDetailView.swift in Sources */ = {isa = PBXBuildFile; fileRef = 2AA712662C80BB130080837F /* SongDetailView.swift */; };
		2ADBAB732C92CFF700A26A79 /* LyricsAPI.swift in Sources */ = {isa = PBXBuildFile; fileRef = 2ADBAB722C92CFF700A26A79 /* LyricsAPI.swift */; };
		2AEC53252C9317FD00D84852 /* GeniusApiManager.swift in Sources */ = {isa = PBXBuildFile; fileRef = 2AEC53242C9317FD00D84852 /* GeniusApiManager.swift */; };
		2AEC53272C931C8800D84852 /* GeniusAPIStructures.swift in Sources */ = {isa = PBXBuildFile; fileRef = 2AEC53262C931C8800D84852 /* GeniusAPIStructures.swift */; };
		2AEC53292C931C9900D84852 /* SpotifyAPIStructures.swift in Sources */ = {isa = PBXBuildFile; fileRef = 2AEC53282C931C9900D84852 /* SpotifyAPIStructures.swift */; };
/* End PBXBuildFile section */

/* Begin PBXCopyFilesBuildPhase section */
		2A3309A22C5E0F3100CEED33 /* Embed Frameworks */ = {
			isa = PBXCopyFilesBuildPhase;
			buildActionMask = 2147483647;
			dstPath = "";
			dstSubfolderSpec = 10;
			files = (
				2A3309A12C5E0F3100CEED33 /* SpotifyLogin.xcframework in Embed Frameworks */,
			);
			name = "Embed Frameworks";
			runOnlyForDeploymentPostprocessing = 0;
		};
/* End PBXCopyFilesBuildPhase section */

/* Begin PBXFileReference section */
		2A291D272C99BF4500685825 /* LyricEndpoint.swift */ = {isa = PBXFileReference; lastKnownFileType = sourcecode.swift; path = LyricEndpoint.swift; sourceTree = "<group>"; };
		2A291D292C99BF7500685825 /* ApiEndpoint.swift */ = {isa = PBXFileReference; lastKnownFileType = sourcecode.swift; path = ApiEndpoint.swift; sourceTree = "<group>"; };
		2A291D2E2C9AC1B200685825 /* SongLyricsView.swift */ = {isa = PBXFileReference; lastKnownFileType = sourcecode.swift; path = SongLyricsView.swift; sourceTree = "<group>"; };
		2A291D302C9ACE8000685825 /* PersonInformationView.swift */ = {isa = PBXFileReference; lastKnownFileType = sourcecode.swift; path = PersonInformationView.swift; sourceTree = "<group>"; };
		2A291D342C9DA47300685825 /* ProducerAndWriterView.swift */ = {isa = PBXFileReference; lastKnownFileType = sourcecode.swift; path = ProducerAndWriterView.swift; sourceTree = "<group>"; };
		2A291D362C9DA86300685825 /* MacroSongDetail.swift */ = {isa = PBXFileReference; lastKnownFileType = sourcecode.swift; path = MacroSongDetail.swift; sourceTree = "<group>"; };
		2A291D382C9DADF400685825 /* TopSongsHomeView.swift */ = {isa = PBXFileReference; lastKnownFileType = sourcecode.swift; path = TopSongsHomeView.swift; sourceTree = "<group>"; };
		2A33097F2C5CBA5D00CEED33 /* Tracktify.app */ = {isa = PBXFileReference; explicitFileType = wrapper.application; includeInIndex = 0; path = Tracktify.app; sourceTree = BUILT_PRODUCTS_DIR; };
		2A3309822C5CBA5D00CEED33 /* TracktifyApp.swift */ = {isa = PBXFileReference; lastKnownFileType = sourcecode.swift; path = TracktifyApp.swift; sourceTree = "<group>"; };
		2A3309842C5CBA5D00CEED33 /* ContentView.swift */ = {isa = PBXFileReference; lastKnownFileType = sourcecode.swift; path = ContentView.swift; sourceTree = "<group>"; };
		2A3309862C5CBA5E00CEED33 /* Assets.xcassets */ = {isa = PBXFileReference; lastKnownFileType = folder.assetcatalog; path = Assets.xcassets; sourceTree = "<group>"; };
		2A3309892C5CBA5E00CEED33 /* Preview Assets.xcassets */ = {isa = PBXFileReference; lastKnownFileType = folder.assetcatalog; path = "Preview Assets.xcassets"; sourceTree = "<group>"; };
		2A3309982C5CD4D500CEED33 /* Info.plist */ = {isa = PBXFileReference; lastKnownFileType = text.plist; path = Info.plist; sourceTree = "<group>"; };
		2A33099D2C5E0C9300CEED33 /* SpotifyLogin.xcframework */ = {isa = PBXFileReference; lastKnownFileType = wrapper.xcframework; path = SpotifyLogin.xcframework; sourceTree = "<group>"; };
		2A4A15312C64AA0A00984B84 /* ViewModifiers.swift */ = {isa = PBXFileReference; lastKnownFileType = sourcecode.swift; path = ViewModifiers.swift; sourceTree = "<group>"; };
		2A4A15342C64AC6100984B84 /* LeagueSpartan-Black.ttf */ = {isa = PBXFileReference; lastKnownFileType = file; path = "LeagueSpartan-Black.ttf"; sourceTree = "<group>"; };
		2A4A15352C64AC6100984B84 /* LeagueSpartan-Medium.ttf */ = {isa = PBXFileReference; lastKnownFileType = file; path = "LeagueSpartan-Medium.ttf"; sourceTree = "<group>"; };
		2A4A15362C64AC6100984B84 /* LeagueSpartan-ExtraLight.ttf */ = {isa = PBXFileReference; lastKnownFileType = file; path = "LeagueSpartan-ExtraLight.ttf"; sourceTree = "<group>"; };
		2A4A15372C64AC6100984B84 /* LeagueSpartan-Light.ttf */ = {isa = PBXFileReference; lastKnownFileType = file; path = "LeagueSpartan-Light.ttf"; sourceTree = "<group>"; };
		2A4A15382C64AC6100984B84 /* LeagueSpartan-Bold.ttf */ = {isa = PBXFileReference; lastKnownFileType = file; path = "LeagueSpartan-Bold.ttf"; sourceTree = "<group>"; };
		2A4A15392C64AC6100984B84 /* LeagueSpartan-SemiBold.ttf */ = {isa = PBXFileReference; lastKnownFileType = file; path = "LeagueSpartan-SemiBold.ttf"; sourceTree = "<group>"; };
		2A4A153A2C64AC6100984B84 /* LeagueSpartan-ExtraBold.ttf */ = {isa = PBXFileReference; lastKnownFileType = file; path = "LeagueSpartan-ExtraBold.ttf"; sourceTree = "<group>"; };
		2A4A153B2C64AC6100984B84 /* LeagueSpartan-Regular.ttf */ = {isa = PBXFileReference; lastKnownFileType = file; path = "LeagueSpartan-Regular.ttf"; sourceTree = "<group>"; };
		2A4A15442C64B33000984B84 /* HomeView.swift */ = {isa = PBXFileReference; lastKnownFileType = sourcecode.swift; path = HomeView.swift; sourceTree = "<group>"; };
		2A4A15462C64B36100984B84 /* TopView.swift */ = {isa = PBXFileReference; lastKnownFileType = sourcecode.swift; path = TopView.swift; sourceTree = "<group>"; };
		2A4A15482C64B37300984B84 /* SuggestView.swift */ = {isa = PBXFileReference; lastKnownFileType = sourcecode.swift; path = SuggestView.swift; sourceTree = "<group>"; };
		2A4A154C2C64B3AD00984B84 /* OtherView.swift */ = {isa = PBXFileReference; lastKnownFileType = sourcecode.swift; path = OtherView.swift; sourceTree = "<group>"; };
		2A6F1EF12C731D050001F4F0 /* HomeHeader.swift */ = {isa = PBXFileReference; lastKnownFileType = sourcecode.swift; path = HomeHeader.swift; sourceTree = "<group>"; };
		2A6F1EF32C731D9B0001F4F0 /* NewReleases.swift */ = {isa = PBXFileReference; lastKnownFileType = sourcecode.swift; path = NewReleases.swift; sourceTree = "<group>"; };
		2A6F1EF72C7321730001F4F0 /* RecentlyPlayedView.swift */ = {isa = PBXFileReference; lastKnownFileType = sourcecode.swift; path = RecentlyPlayedView.swift; sourceTree = "<group>"; };
		2A6F1EFA2C7323200001F4F0 /* Title.swift */ = {isa = PBXFileReference; lastKnownFileType = sourcecode.swift; path = Title.swift; sourceTree = "<group>"; };
		2A86DB972C60F29900B572F8 /* APIConstants.swift */ = {isa = PBXFileReference; lastKnownFileType = sourcecode.swift; path = APIConstants.swift; sourceTree = "<group>"; };
		2A86DB992C60F43200B572F8 /* NetworkError.swift */ = {isa = PBXFileReference; lastKnownFileType = sourcecode.swift; path = NetworkError.swift; sourceTree = "<group>"; };
		2A86DB9B2C60F47100B572F8 /* APIService.swift */ = {isa = PBXFileReference; lastKnownFileType = sourcecode.swift; path = APIService.swift; sourceTree = "<group>"; };
		2A86DB9D2C60F6A300B572F8 /* Web.swift */ = {isa = PBXFileReference; lastKnownFileType = sourcecode.swift; path = Web.swift; sourceTree = "<group>"; };
		2A86DBA32C624F3E00B572F8 /* SpotifyDataManager.swift */ = {isa = PBXFileReference; lastKnownFileType = sourcecode.swift; path = SpotifyDataManager.swift; sourceTree = "<group>"; };
		2A86DBAB2C62576800B572F8 /* SongInTop.swift */ = {isa = PBXFileReference; lastKnownFileType = sourcecode.swift; path = SongInTop.swift; sourceTree = "<group>"; };
		2A86DBB02C639D4900B572F8 /* AudioPlayer.swift */ = {isa = PBXFileReference; lastKnownFileType = sourcecode.swift; path = AudioPlayer.swift; sourceTree = "<group>"; };
		2A8F30ED2C7CB2D900C01D79 /* SheetCompletePlaylist.swift */ = {isa = PBXFileReference; lastKnownFileType = sourcecode.swift; path = SheetCompletePlaylist.swift; sourceTree = "<group>"; };
		2A97D7C92C733D7100E33602 /* ListRecentView.swift */ = {isa = PBXFileReference; lastKnownFileType = sourcecode.swift; path = ListRecentView.swift; sourceTree = "<group>"; };
		2A97D7CB2C74774F00E33602 /* GenresView.swift */ = {isa = PBXFileReference; lastKnownFileType = sourcecode.swift; path = GenresView.swift; sourceTree = "<group>"; };
		2A97D7CF2C76265100E33602 /* SuggestionView.swift */ = {isa = PBXFileReference; lastKnownFileType = sourcecode.swift; path = SuggestionView.swift; sourceTree = "<group>"; };
		2A97D7D42C7761F200E33602 /* AddFiltersView.swift */ = {isa = PBXFileReference; lastKnownFileType = sourcecode.swift; path = AddFiltersView.swift; sourceTree = "<group>"; };
		2AA712662C80BB130080837F /* SongDetailView.swift */ = {isa = PBXFileReference; lastKnownFileType = sourcecode.swift; path = SongDetailView.swift; sourceTree = "<group>"; };
		2ADBAB722C92CFF700A26A79 /* LyricsAPI.swift */ = {isa = PBXFileReference; lastKnownFileType = sourcecode.swift; path = LyricsAPI.swift; sourceTree = "<group>"; };
		2AEC53242C9317FD00D84852 /* GeniusApiManager.swift */ = {isa = PBXFileReference; lastKnownFileType = sourcecode.swift; path = GeniusApiManager.swift; sourceTree = "<group>"; };
		2AEC53262C931C8800D84852 /* GeniusAPIStructures.swift */ = {isa = PBXFileReference; lastKnownFileType = sourcecode.swift; path = GeniusAPIStructures.swift; sourceTree = "<group>"; };
		2AEC53282C931C9900D84852 /* SpotifyAPIStructures.swift */ = {isa = PBXFileReference; lastKnownFileType = sourcecode.swift; path = SpotifyAPIStructures.swift; sourceTree = "<group>"; };
/* End PBXFileReference section */

/* Begin PBXFrameworksBuildPhase section */
		2A33097C2C5CBA5D00CEED33 /* Frameworks */ = {
			isa = PBXFrameworksBuildPhase;
			buildActionMask = 2147483647;
			files = (
				2A86DBAF2C62595A00B572F8 /* SDWebImageSwiftUI in Frameworks */,
				2A291D2D2C99C0D600685825 /* SwiftSoup in Frameworks */,
				2A3309A02C5E0F3100CEED33 /* SpotifyLogin.xcframework in Frameworks */,
				2A86DB942C60B26000B572F8 /* Alamofire in Frameworks */,
			);
			runOnlyForDeploymentPostprocessing = 0;
		};
/* End PBXFrameworksBuildPhase section */

/* Begin PBXGroup section */
		2A291D332C9ACEA000685825 /* SongDetail */ = {
			isa = PBXGroup;
			children = (
				2A291D302C9ACE8000685825 /* PersonInformationView.swift */,
				2A291D2E2C9AC1B200685825 /* SongLyricsView.swift */,
				2A291D342C9DA47300685825 /* ProducerAndWriterView.swift */,
				2A291D362C9DA86300685825 /* MacroSongDetail.swift */,
			);
			path = SongDetail;
			sourceTree = "<group>";
		};
		2A3309762C5CBA5D00CEED33 = {
			isa = PBXGroup;
			children = (
				2A3309812C5CBA5D00CEED33 /* Tracktify */,
				2A3309802C5CBA5D00CEED33 /* Products */,
			);
			sourceTree = "<group>";
		};
		2A3309802C5CBA5D00CEED33 /* Products */ = {
			isa = PBXGroup;
			children = (
				2A33097F2C5CBA5D00CEED33 /* Tracktify.app */,
			);
			name = Products;
			sourceTree = "<group>";
		};
		2A3309812C5CBA5D00CEED33 /* Tracktify */ = {
			isa = PBXGroup;
			children = (
				2A3309822C5CBA5D00CEED33 /* TracktifyApp.swift */,
				2A8F30E82C7CA6B000C01D79 /* View */,
				2A3309982C5CD4D500CEED33 /* Info.plist */,
				2A86DBAB2C62576800B572F8 /* SongInTop.swift */,
				2A4A15462C64B36100984B84 /* TopView.swift */,
				2A4A15282C64A8FD00984B84 /* Font */,
				2A4A15332C64AA4300984B84 /* Utilities */,
				2ADBAB6F2C92CF9F00A26A79 /* Api */,
				2A3309862C5CBA5E00CEED33 /* Assets.xcassets */,
				2A3309882C5CBA5E00CEED33 /* Preview Content */,
			);
			path = Tracktify;
			sourceTree = "<group>";
		};
		2A3309882C5CBA5E00CEED33 /* Preview Content */ = {
			isa = PBXGroup;
			children = (
				2A3309892C5CBA5E00CEED33 /* Preview Assets.xcassets */,
				2A33099D2C5E0C9300CEED33 /* SpotifyLogin.xcframework */,
			);
			path = "Preview Content";
			sourceTree = "<group>";
		};
		2A3309972C5CBE5400CEED33 /* SpotifyDataManager */ = {
			isa = PBXGroup;
			children = (
				2A86DB972C60F29900B572F8 /* APIConstants.swift */,
				2A86DB992C60F43200B572F8 /* NetworkError.swift */,
				2A86DB9B2C60F47100B572F8 /* APIService.swift */,
				2A86DB9D2C60F6A300B572F8 /* Web.swift */,
				2A86DBA32C624F3E00B572F8 /* SpotifyDataManager.swift */,
				2AEC53282C931C9900D84852 /* SpotifyAPIStructures.swift */,
			);
			path = SpotifyDataManager;
			sourceTree = "<group>";
		};
		2A4A15282C64A8FD00984B84 /* Font */ = {
			isa = PBXGroup;
			children = (
				2A4A15342C64AC6100984B84 /* LeagueSpartan-Black.ttf */,
				2A4A15382C64AC6100984B84 /* LeagueSpartan-Bold.ttf */,
				2A4A153A2C64AC6100984B84 /* LeagueSpartan-ExtraBold.ttf */,
				2A4A15362C64AC6100984B84 /* LeagueSpartan-ExtraLight.ttf */,
				2A4A15372C64AC6100984B84 /* LeagueSpartan-Light.ttf */,
				2A4A15352C64AC6100984B84 /* LeagueSpartan-Medium.ttf */,
				2A4A153B2C64AC6100984B84 /* LeagueSpartan-Regular.ttf */,
				2A4A15392C64AC6100984B84 /* LeagueSpartan-SemiBold.ttf */,
			);
			path = Font;
			sourceTree = "<group>";
		};
		2A4A15332C64AA4300984B84 /* Utilities */ = {
			isa = PBXGroup;
			children = (
				2A86DBB02C639D4900B572F8 /* AudioPlayer.swift */,
				2A4A15312C64AA0A00984B84 /* ViewModifiers.swift */,
				2A6F1EF02C731CC00001F4F0 /* Components */,
			);
			path = Utilities;
			sourceTree = "<group>";
		};
		2A6F1EEF2C731CAE0001F4F0 /* Home */ = {
			isa = PBXGroup;
			children = (
				2A6F1EF12C731D050001F4F0 /* HomeHeader.swift */,
				2A6F1EF32C731D9B0001F4F0 /* NewReleases.swift */,
			);
			path = Home;
			sourceTree = "<group>";
		};
		2A6F1EF02C731CC00001F4F0 /* Components */ = {
			isa = PBXGroup;
			children = (
				2A291D332C9ACEA000685825 /* SongDetail */,
				2A6F1EF92C7323080001F4F0 /* General */,
				2A6F1EEF2C731CAE0001F4F0 /* Home */,
			);
			path = Components;
			sourceTree = "<group>";
		};
		2A6F1EF92C7323080001F4F0 /* General */ = {
			isa = PBXGroup;
			children = (
				2A6F1EFA2C7323200001F4F0 /* Title.swift */,
			);
			path = General;
			sourceTree = "<group>";
		};
		2A8F30E82C7CA6B000C01D79 /* View */ = {
			isa = PBXGroup;
			children = (
				2A3309842C5CBA5D00CEED33 /* ContentView.swift */,
				2A8F30EA2C7CA70600C01D79 /* Suggestion */,
				2A8F30E92C7CA6CA00C01D79 /* Home */,
				2A4A154C2C64B3AD00984B84 /* OtherView.swift */,
				2AA712662C80BB130080837F /* SongDetailView.swift */,
			);
			path = View;
			sourceTree = "<group>";
		};
		2A8F30E92C7CA6CA00C01D79 /* Home */ = {
			isa = PBXGroup;
			children = (
				2A4A15442C64B33000984B84 /* HomeView.swift */,
				2A6F1EF72C7321730001F4F0 /* RecentlyPlayedView.swift */,
				2A97D7C92C733D7100E33602 /* ListRecentView.swift */,
				2A291D382C9DADF400685825 /* TopSongsHomeView.swift */,
			);
			path = Home;
			sourceTree = "<group>";
		};
		2A8F30EA2C7CA70600C01D79 /* Suggestion */ = {
			isa = PBXGroup;
			children = (
				2A97D7D42C7761F200E33602 /* AddFiltersView.swift */,
				2A97D7CB2C74774F00E33602 /* GenresView.swift */,
				2A4A15482C64B37300984B84 /* SuggestView.swift */,
				2A97D7CF2C76265100E33602 /* SuggestionView.swift */,
				2A8F30ED2C7CB2D900C01D79 /* SheetCompletePlaylist.swift */,
			);
			path = Suggestion;
			sourceTree = "<group>";
		};
		2ADBAB6F2C92CF9F00A26A79 /* Api */ = {
			isa = PBXGroup;
			children = (
				2AEC53232C9317E800D84852 /* GeniusApiManager */,
				2ADBAB722C92CFF700A26A79 /* LyricsAPI.swift */,
				2A3309972C5CBE5400CEED33 /* SpotifyDataManager */,
			);
			path = Api;
			sourceTree = "<group>";
		};
		2AEC53232C9317E800D84852 /* GeniusApiManager */ = {
			isa = PBXGroup;
			children = (
				2AEC53242C9317FD00D84852 /* GeniusApiManager.swift */,
				2AEC53262C931C8800D84852 /* GeniusAPIStructures.swift */,
				2A291D272C99BF4500685825 /* LyricEndpoint.swift */,
				2A291D292C99BF7500685825 /* ApiEndpoint.swift */,
			);
			path = GeniusApiManager;
			sourceTree = "<group>";
		};
/* End PBXGroup section */

/* Begin PBXNativeTarget section */
		2A33097E2C5CBA5D00CEED33 /* Tracktify */ = {
			isa = PBXNativeTarget;
			buildConfigurationList = 2A33098D2C5CBA5E00CEED33 /* Build configuration list for PBXNativeTarget "Tracktify" */;
			buildPhases = (
				2A33097B2C5CBA5D00CEED33 /* Sources */,
				2A33097C2C5CBA5D00CEED33 /* Frameworks */,
				2A33097D2C5CBA5D00CEED33 /* Resources */,
				2A3309A22C5E0F3100CEED33 /* Embed Frameworks */,
			);
			buildRules = (
			);
			dependencies = (
			);
			name = Tracktify;
			packageProductDependencies = (
				2A86DB932C60B26000B572F8 /* Alamofire */,
				2A86DBAE2C62595A00B572F8 /* SDWebImageSwiftUI */,
				2A291D2C2C99C0D600685825 /* SwiftSoup */,
			);
			productName = Tracktify;
			productReference = 2A33097F2C5CBA5D00CEED33 /* Tracktify.app */;
			productType = "com.apple.product-type.application";
		};
/* End PBXNativeTarget section */

/* Begin PBXProject section */
		2A3309772C5CBA5D00CEED33 /* Project object */ = {
			isa = PBXProject;
			attributes = {
				BuildIndependentTargetsInParallel = 1;
				LastSwiftUpdateCheck = 1540;
				LastUpgradeCheck = 1540;
				TargetAttributes = {
					2A33097E2C5CBA5D00CEED33 = {
						CreatedOnToolsVersion = 15.4;
					};
				};
			};
			buildConfigurationList = 2A33097A2C5CBA5D00CEED33 /* Build configuration list for PBXProject "Tracktify" */;
			compatibilityVersion = "Xcode 14.0";
			developmentRegion = en;
			hasScannedForEncodings = 0;
			knownRegions = (
				en,
				Base,
			);
			mainGroup = 2A3309762C5CBA5D00CEED33;
			packageReferences = (
				2A86DB922C60B26000B572F8 /* XCRemoteSwiftPackageReference "Alamofire" */,
				2A86DBAD2C62595A00B572F8 /* XCRemoteSwiftPackageReference "SDWebImageSwiftUI" */,
				2A291D2B2C99C0D600685825 /* XCRemoteSwiftPackageReference "SwiftSoup" */,
			);
			productRefGroup = 2A3309802C5CBA5D00CEED33 /* Products */;
			projectDirPath = "";
			projectRoot = "";
			targets = (
				2A33097E2C5CBA5D00CEED33 /* Tracktify */,
			);
		};
/* End PBXProject section */

/* Begin PBXResourcesBuildPhase section */
		2A33097D2C5CBA5D00CEED33 /* Resources */ = {
			isa = PBXResourcesBuildPhase;
			buildActionMask = 2147483647;
			files = (
				2A33098A2C5CBA5E00CEED33 /* Preview Assets.xcassets in Resources */,
				2A4A153E2C64AC6100984B84 /* LeagueSpartan-ExtraLight.ttf in Resources */,
				2A4A15402C64AC6100984B84 /* LeagueSpartan-Bold.ttf in Resources */,
				2A3309872C5CBA5E00CEED33 /* Assets.xcassets in Resources */,
				2A4A15422C64AC6100984B84 /* LeagueSpartan-ExtraBold.ttf in Resources */,
				2A4A153D2C64AC6100984B84 /* LeagueSpartan-Medium.ttf in Resources */,
				2A4A15432C64AC6100984B84 /* LeagueSpartan-Regular.ttf in Resources */,
				2A4A153F2C64AC6100984B84 /* LeagueSpartan-Light.ttf in Resources */,
				2A4A15412C64AC6100984B84 /* LeagueSpartan-SemiBold.ttf in Resources */,
				2A4A153C2C64AC6100984B84 /* LeagueSpartan-Black.ttf in Resources */,
			);
			runOnlyForDeploymentPostprocessing = 0;
		};
/* End PBXResourcesBuildPhase section */

/* Begin PBXSourcesBuildPhase section */
		2A33097B2C5CBA5D00CEED33 /* Sources */ = {
			isa = PBXSourcesBuildPhase;
			buildActionMask = 2147483647;
			files = (
				2A4A15472C64B36100984B84 /* TopView.swift in Sources */,
				2A86DB9C2C60F47100B572F8 /* APIService.swift in Sources */,
				2A4A15492C64B37300984B84 /* SuggestView.swift in Sources */,
				2A86DBAC2C62576800B572F8 /* SongInTop.swift in Sources */,
				2A6F1EFB2C7323200001F4F0 /* Title.swift in Sources */,
				2AEC53272C931C8800D84852 /* GeniusAPIStructures.swift in Sources */,
				2A291D372C9DA86300685825 /* MacroSongDetail.swift in Sources */,
				2A4A15452C64B33000984B84 /* HomeView.swift in Sources */,
				2AA712672C80BB130080837F /* SongDetailView.swift in Sources */,
				2A86DBB12C639D4900B572F8 /* AudioPlayer.swift in Sources */,
				2AEC53252C9317FD00D84852 /* GeniusApiManager.swift in Sources */,
				2A4A15322C64AA0A00984B84 /* ViewModifiers.swift in Sources */,
				2A6F1EF42C731D9B0001F4F0 /* NewReleases.swift in Sources */,
				2AEC53292C931C9900D84852 /* SpotifyAPIStructures.swift in Sources */,
				2A291D352C9DA47300685825 /* ProducerAndWriterView.swift in Sources */,
				2A4A154D2C64B3AD00984B84 /* OtherView.swift in Sources */,
				2A291D312C9ACE8000685825 /* PersonInformationView.swift in Sources */,
				2A291D2F2C9AC1B200685825 /* SongLyricsView.swift in Sources */,
				2A8F30EE2C7CB2D900C01D79 /* SheetCompletePlaylist.swift in Sources */,
				2A86DB9E2C60F6A300B572F8 /* Web.swift in Sources */,
				2A86DB982C60F29900B572F8 /* APIConstants.swift in Sources */,
				2A86DB9A2C60F43200B572F8 /* NetworkError.swift in Sources */,
				2A97D7D52C7761F200E33602 /* AddFiltersView.swift in Sources */,
				2A3309852C5CBA5D00CEED33 /* ContentView.swift in Sources */,
				2A6F1EF22C731D050001F4F0 /* HomeHeader.swift in Sources */,
				2A6F1EF82C7321730001F4F0 /* RecentlyPlayedView.swift in Sources */,
				2ADBAB732C92CFF700A26A79 /* LyricsAPI.swift in Sources */,
				2A86DBA42C624F3E00B572F8 /* SpotifyDataManager.swift in Sources */,
				2A97D7D02C76265200E33602 /* SuggestionView.swift in Sources */,
				2A3309832C5CBA5D00CEED33 /* TracktifyApp.swift in Sources */,
				2A97D7CC2C74774F00E33602 /* GenresView.swift in Sources */,
				2A291D392C9DADF400685825 /* TopSongsHomeView.swift in Sources */,
				2A97D7CA2C733D7100E33602 /* ListRecentView.swift in Sources */,
				2A291D282C99BF4500685825 /* LyricEndpoint.swift in Sources */,
				2A291D2A2C99BF7500685825 /* ApiEndpoint.swift in Sources */,
			);
			runOnlyForDeploymentPostprocessing = 0;
		};
/* End PBXSourcesBuildPhase section */

/* Begin XCBuildConfiguration section */
		2A33098B2C5CBA5E00CEED33 /* Debug */ = {
			isa = XCBuildConfiguration;
			buildSettings = {
				ALWAYS_SEARCH_USER_PATHS = NO;
				ASSETCATALOG_COMPILER_GENERATE_SWIFT_ASSET_SYMBOL_EXTENSIONS = YES;
				CLANG_ANALYZER_NONNULL = YES;
				CLANG_ANALYZER_NUMBER_OBJECT_CONVERSION = YES_AGGRESSIVE;
				CLANG_CXX_LANGUAGE_STANDARD = "gnu++20";
				CLANG_ENABLE_MODULES = YES;
				CLANG_ENABLE_OBJC_ARC = YES;
				CLANG_ENABLE_OBJC_WEAK = YES;
				CLANG_WARN_BLOCK_CAPTURE_AUTORELEASING = YES;
				CLANG_WARN_BOOL_CONVERSION = YES;
				CLANG_WARN_COMMA = YES;
				CLANG_WARN_CONSTANT_CONVERSION = YES;
				CLANG_WARN_DEPRECATED_OBJC_IMPLEMENTATIONS = YES;
				CLANG_WARN_DIRECT_OBJC_ISA_USAGE = YES_ERROR;
				CLANG_WARN_DOCUMENTATION_COMMENTS = YES;
				CLANG_WARN_EMPTY_BODY = YES;
				CLANG_WARN_ENUM_CONVERSION = YES;
				CLANG_WARN_INFINITE_RECURSION = YES;
				CLANG_WARN_INT_CONVERSION = YES;
				CLANG_WARN_NON_LITERAL_NULL_CONVERSION = YES;
				CLANG_WARN_OBJC_IMPLICIT_RETAIN_SELF = YES;
				CLANG_WARN_OBJC_LITERAL_CONVERSION = YES;
				CLANG_WARN_OBJC_ROOT_CLASS = YES_ERROR;
				CLANG_WARN_QUOTED_INCLUDE_IN_FRAMEWORK_HEADER = YES;
				CLANG_WARN_RANGE_LOOP_ANALYSIS = YES;
				CLANG_WARN_STRICT_PROTOTYPES = YES;
				CLANG_WARN_SUSPICIOUS_MOVE = YES;
				CLANG_WARN_UNGUARDED_AVAILABILITY = YES_AGGRESSIVE;
				CLANG_WARN_UNREACHABLE_CODE = YES;
				CLANG_WARN__DUPLICATE_METHOD_MATCH = YES;
				COPY_PHASE_STRIP = NO;
				DEBUG_INFORMATION_FORMAT = dwarf;
				ENABLE_STRICT_OBJC_MSGSEND = YES;
				ENABLE_TESTABILITY = YES;
				ENABLE_USER_SCRIPT_SANDBOXING = YES;
				GCC_C_LANGUAGE_STANDARD = gnu17;
				GCC_DYNAMIC_NO_PIC = NO;
				GCC_NO_COMMON_BLOCKS = YES;
				GCC_OPTIMIZATION_LEVEL = 0;
				GCC_PREPROCESSOR_DEFINITIONS = (
					"DEBUG=1",
					"$(inherited)",
				);
				GCC_WARN_64_TO_32_BIT_CONVERSION = YES;
				GCC_WARN_ABOUT_RETURN_TYPE = YES_ERROR;
				GCC_WARN_UNDECLARED_SELECTOR = YES;
				GCC_WARN_UNINITIALIZED_AUTOS = YES_AGGRESSIVE;
				GCC_WARN_UNUSED_FUNCTION = YES;
				GCC_WARN_UNUSED_VARIABLE = YES;
				IPHONEOS_DEPLOYMENT_TARGET = 17.5;
				LOCALIZATION_PREFERS_STRING_CATALOGS = YES;
				MTL_ENABLE_DEBUG_INFO = INCLUDE_SOURCE;
				MTL_FAST_MATH = YES;
				ONLY_ACTIVE_ARCH = YES;
				SDKROOT = iphoneos;
				SWIFT_ACTIVE_COMPILATION_CONDITIONS = "DEBUG $(inherited)";
				SWIFT_OPTIMIZATION_LEVEL = "-Onone";
			};
			name = Debug;
		};
		2A33098C2C5CBA5E00CEED33 /* Release */ = {
			isa = XCBuildConfiguration;
			buildSettings = {
				ALWAYS_SEARCH_USER_PATHS = NO;
				ASSETCATALOG_COMPILER_GENERATE_SWIFT_ASSET_SYMBOL_EXTENSIONS = YES;
				CLANG_ANALYZER_NONNULL = YES;
				CLANG_ANALYZER_NUMBER_OBJECT_CONVERSION = YES_AGGRESSIVE;
				CLANG_CXX_LANGUAGE_STANDARD = "gnu++20";
				CLANG_ENABLE_MODULES = YES;
				CLANG_ENABLE_OBJC_ARC = YES;
				CLANG_ENABLE_OBJC_WEAK = YES;
				CLANG_WARN_BLOCK_CAPTURE_AUTORELEASING = YES;
				CLANG_WARN_BOOL_CONVERSION = YES;
				CLANG_WARN_COMMA = YES;
				CLANG_WARN_CONSTANT_CONVERSION = YES;
				CLANG_WARN_DEPRECATED_OBJC_IMPLEMENTATIONS = YES;
				CLANG_WARN_DIRECT_OBJC_ISA_USAGE = YES_ERROR;
				CLANG_WARN_DOCUMENTATION_COMMENTS = YES;
				CLANG_WARN_EMPTY_BODY = YES;
				CLANG_WARN_ENUM_CONVERSION = YES;
				CLANG_WARN_INFINITE_RECURSION = YES;
				CLANG_WARN_INT_CONVERSION = YES;
				CLANG_WARN_NON_LITERAL_NULL_CONVERSION = YES;
				CLANG_WARN_OBJC_IMPLICIT_RETAIN_SELF = YES;
				CLANG_WARN_OBJC_LITERAL_CONVERSION = YES;
				CLANG_WARN_OBJC_ROOT_CLASS = YES_ERROR;
				CLANG_WARN_QUOTED_INCLUDE_IN_FRAMEWORK_HEADER = YES;
				CLANG_WARN_RANGE_LOOP_ANALYSIS = YES;
				CLANG_WARN_STRICT_PROTOTYPES = YES;
				CLANG_WARN_SUSPICIOUS_MOVE = YES;
				CLANG_WARN_UNGUARDED_AVAILABILITY = YES_AGGRESSIVE;
				CLANG_WARN_UNREACHABLE_CODE = YES;
				CLANG_WARN__DUPLICATE_METHOD_MATCH = YES;
				COPY_PHASE_STRIP = NO;
				DEBUG_INFORMATION_FORMAT = "dwarf-with-dsym";
				ENABLE_NS_ASSERTIONS = NO;
				ENABLE_STRICT_OBJC_MSGSEND = YES;
				ENABLE_USER_SCRIPT_SANDBOXING = YES;
				GCC_C_LANGUAGE_STANDARD = gnu17;
				GCC_NO_COMMON_BLOCKS = YES;
				GCC_WARN_64_TO_32_BIT_CONVERSION = YES;
				GCC_WARN_ABOUT_RETURN_TYPE = YES_ERROR;
				GCC_WARN_UNDECLARED_SELECTOR = YES;
				GCC_WARN_UNINITIALIZED_AUTOS = YES_AGGRESSIVE;
				GCC_WARN_UNUSED_FUNCTION = YES;
				GCC_WARN_UNUSED_VARIABLE = YES;
				IPHONEOS_DEPLOYMENT_TARGET = 17.5;
				LOCALIZATION_PREFERS_STRING_CATALOGS = YES;
				MTL_ENABLE_DEBUG_INFO = NO;
				MTL_FAST_MATH = YES;
				SDKROOT = iphoneos;
				SWIFT_COMPILATION_MODE = wholemodule;
				VALIDATE_PRODUCT = YES;
			};
			name = Release;
		};
		2A33098E2C5CBA5E00CEED33 /* Debug */ = {
			isa = XCBuildConfiguration;
			buildSettings = {
				ASSETCATALOG_COMPILER_APPICON_NAME = AppIcon;
				ASSETCATALOG_COMPILER_GLOBAL_ACCENT_COLOR_NAME = AccentColor;
				CODE_SIGN_STYLE = Automatic;
				CURRENT_PROJECT_VERSION = 1;
				DEVELOPMENT_ASSET_PATHS = "\"Tracktify/Preview Content\"";
				DEVELOPMENT_TEAM = 6TS2KBH3FR;
				ENABLE_PREVIEWS = YES;
				FRAMEWORK_SEARCH_PATHS = (
					"$(inherited)",
					"$(PROJECT_DIR)/Tracktify/Preview\\ Content",
				);
				GENERATE_INFOPLIST_FILE = YES;
				INFOPLIST_FILE = Tracktify/Info.plist;
				INFOPLIST_KEY_UIApplicationSceneManifest_Generation = YES;
				INFOPLIST_KEY_UIApplicationSupportsIndirectInputEvents = YES;
				INFOPLIST_KEY_UILaunchScreen_Generation = YES;
				INFOPLIST_KEY_UISupportedInterfaceOrientations = UIInterfaceOrientationPortrait;
				INFOPLIST_KEY_UISupportedInterfaceOrientations_iPad = "UIInterfaceOrientationLandscapeLeft UIInterfaceOrientationLandscapeRight UIInterfaceOrientationPortrait UIInterfaceOrientationPortraitUpsideDown";
				INFOPLIST_KEY_UIUserInterfaceStyle = Dark;
				IPHONEOS_DEPLOYMENT_TARGET = 17.0;
				LD_RUNPATH_SEARCH_PATHS = (
					"$(inherited)",
					"@executable_path/Frameworks",
				);
				MARKETING_VERSION = 1.0;
				PRODUCT_BUNDLE_IDENTIFIER = com.christiancatenacci.Tracktify;
				PRODUCT_NAME = "$(TARGET_NAME)";
				SWIFT_EMIT_LOC_STRINGS = YES;
				SWIFT_VERSION = 5.0;
				TARGETED_DEVICE_FAMILY = "1,2";
			};
			name = Debug;
		};
		2A33098F2C5CBA5E00CEED33 /* Release */ = {
			isa = XCBuildConfiguration;
			buildSettings = {
				ASSETCATALOG_COMPILER_APPICON_NAME = AppIcon;
				ASSETCATALOG_COMPILER_GLOBAL_ACCENT_COLOR_NAME = AccentColor;
				CODE_SIGN_STYLE = Automatic;
				CURRENT_PROJECT_VERSION = 1;
				DEVELOPMENT_ASSET_PATHS = "\"Tracktify/Preview Content\"";
				DEVELOPMENT_TEAM = 6TS2KBH3FR;
				ENABLE_PREVIEWS = YES;
				FRAMEWORK_SEARCH_PATHS = (
					"$(inherited)",
					"$(PROJECT_DIR)/Tracktify/Preview\\ Content",
				);
				GENERATE_INFOPLIST_FILE = YES;
				INFOPLIST_FILE = Tracktify/Info.plist;
				INFOPLIST_KEY_UIApplicationSceneManifest_Generation = YES;
				INFOPLIST_KEY_UIApplicationSupportsIndirectInputEvents = YES;
				INFOPLIST_KEY_UILaunchScreen_Generation = YES;
				INFOPLIST_KEY_UISupportedInterfaceOrientations = UIInterfaceOrientationPortrait;
				INFOPLIST_KEY_UISupportedInterfaceOrientations_iPad = "UIInterfaceOrientationLandscapeLeft UIInterfaceOrientationLandscapeRight UIInterfaceOrientationPortrait UIInterfaceOrientationPortraitUpsideDown";
				INFOPLIST_KEY_UIUserInterfaceStyle = Dark;
				IPHONEOS_DEPLOYMENT_TARGET = 17.0;
				LD_RUNPATH_SEARCH_PATHS = (
					"$(inherited)",
					"@executable_path/Frameworks",
				);
				MARKETING_VERSION = 1.0;
				PRODUCT_BUNDLE_IDENTIFIER = com.christiancatenacci.Tracktify;
				PRODUCT_NAME = "$(TARGET_NAME)";
				SWIFT_EMIT_LOC_STRINGS = YES;
				SWIFT_VERSION = 5.0;
				TARGETED_DEVICE_FAMILY = "1,2";
			};
			name = Release;
		};
/* End XCBuildConfiguration section */

/* Begin XCConfigurationList section */
		2A33097A2C5CBA5D00CEED33 /* Build configuration list for PBXProject "Tracktify" */ = {
			isa = XCConfigurationList;
			buildConfigurations = (
				2A33098B2C5CBA5E00CEED33 /* Debug */,
				2A33098C2C5CBA5E00CEED33 /* Release */,
			);
			defaultConfigurationIsVisible = 0;
			defaultConfigurationName = Release;
		};
		2A33098D2C5CBA5E00CEED33 /* Build configuration list for PBXNativeTarget "Tracktify" */ = {
			isa = XCConfigurationList;
			buildConfigurations = (
				2A33098E2C5CBA5E00CEED33 /* Debug */,
				2A33098F2C5CBA5E00CEED33 /* Release */,
			);
			defaultConfigurationIsVisible = 0;
			defaultConfigurationName = Release;
		};
/* End XCConfigurationList section */

/* Begin XCRemoteSwiftPackageReference section */
		2A291D2B2C99C0D600685825 /* XCRemoteSwiftPackageReference "SwiftSoup" */ = {
			isa = XCRemoteSwiftPackageReference;
			repositoryURL = "https://github.com/scinfu/SwiftSoup.git";
			requirement = {
				kind = upToNextMajorVersion;
				minimumVersion = 2.7.5;
			};
		};
		2A86DB922C60B26000B572F8 /* XCRemoteSwiftPackageReference "Alamofire" */ = {
			isa = XCRemoteSwiftPackageReference;
			repositoryURL = "https://github.com/Alamofire/Alamofire.git";
			requirement = {
				kind = upToNextMajorVersion;
				minimumVersion = 5.9.1;
			};
		};
		2A86DBAD2C62595A00B572F8 /* XCRemoteSwiftPackageReference "SDWebImageSwiftUI" */ = {
			isa = XCRemoteSwiftPackageReference;
			repositoryURL = "https://github.com/SDWebImage/SDWebImageSwiftUI.git";
			requirement = {
				kind = upToNextMajorVersion;
				minimumVersion = 3.1.1;
			};
		};
/* End XCRemoteSwiftPackageReference section */

/* Begin XCSwiftPackageProductDependency section */
		2A291D2C2C99C0D600685825 /* SwiftSoup */ = {
			isa = XCSwiftPackageProductDependency;
			package = 2A291D2B2C99C0D600685825 /* XCRemoteSwiftPackageReference "SwiftSoup" */;
			productName = SwiftSoup;
		};
		2A86DB932C60B26000B572F8 /* Alamofire */ = {
			isa = XCSwiftPackageProductDependency;
			package = 2A86DB922C60B26000B572F8 /* XCRemoteSwiftPackageReference "Alamofire" */;
			productName = Alamofire;
		};
		2A86DBAE2C62595A00B572F8 /* SDWebImageSwiftUI */ = {
			isa = XCSwiftPackageProductDependency;
			package = 2A86DBAD2C62595A00B572F8 /* XCRemoteSwiftPackageReference "SDWebImageSwiftUI" */;
			productName = SDWebImageSwiftUI;
		};
/* End XCSwiftPackageProductDependency section */
	};
	rootObject = 2A3309772C5CBA5D00CEED33 /* Project object */;
}
